github.com/jarcoal/httpmock v0.0.0-20150801143502-145b10d65926 h1:xzEkqEt60DFJU4KfOatlQgnGq+ewG1oMNDki9xnp+98=
github.com/jarcoal/httpmock v0.0.0-20150801143502-145b10d65926/go.mod h1:ks+b9deReOc7jgqp+e7LuFiCBH6Rm5hL32cLcEAArb4=
github.com/stretchr/testify v0.0.0-20150620232711-089c7181b8c7 h1:XTgkE916dsAohkArYaNhG4OD76I7pHVQq+0PfdST/vA=
github.com/stretchr/testify v0.0.0-20150620232711-089c7181b8c7/go.mod h1:a8OnRcib4nhh0OaRAV+Yts87kKdq0PP7pXfy6kDkUVs=
